
Microsoft Visual Studio Solution File, Format Version 12.00
# Visual Studio 2012
Project("{8BC9CEB8-8B4A-11D0-8D11-00A0C91BC942}") = "layout_q", "layout_q\layout_q.vcxproj", "{4DFF6923-C460-45DE-8CC9-64B18CE1B5C7}"
EndProject
Global
	GlobalSection(SolutionConfigurationPlatforms) = preSolution
		Debug|Win32 = Debug|Win32
		Release|Win32 = Release|Win32
	EndGlobalSection
	GlobalSection(ProjectConfigurationPlatforms) = postSolution
		{4DFF6923-C460-45DE-8CC9-64B18CE1B5C7}.Debug|Win32.ActiveCfg = Debug|Win32
		{4DFF6923-C460-45DE-8CC9-64B18CE1B5C7}.Debug|Win32.Build.0 = Debug|Win32
		{4DFF6923-C460-45DE-8CC9-64B18CE1B5C7}.Release|Win32.ActiveCfg = Release|Win32
		{4DFF6923-C460-45DE-8CC9-64B18CE1B5C7}.Release|Win32.Build.0 = Release|Win32
	EndGlobalSection
	GlobalSection(SolutionProperties) = preSolution
		HideSolutionNode = FALSE
	EndGlobalSection
EndGlobal
